github.com/88250/gulu v1.2.3-0.20230501031728-4d62370997cd h1:PgbmnoTqfVbYyhUljovnAz6l/oWPlbM1d5yrkVDHO1w=
github.com/88250/gulu v1.2.3-0.20230501031728-4d62370997cd/go.mod h1:pTWnjt+6qUqNnP9xltswsJxgCBVu3C7eW09u48LWX0k=
github.com/davecgh/go-spew v1.1.1 h1:vj9j/u1bqnvCEfJOwUhtlOARqs3+rkHYY13jYWTU97c=
github.com/getsentry/sentry-go v0.25.0 h1:q6Eo+hS+yoJlTO3uu/azhQadsD8V+jQn2D8VvX1eOyI=
github.com/getsentry/sentry-go v0.25.0/go.mod h1:lc76E2QywIyW8WuBnwl8Lc4bkmQH4+w1gwTf25trprY=
github.com/go-errors/errors v1.4.2 h1:J6MZopCL4uSllY1OfXM374weqZFFItUbrImctkmUxIA=
github.com/google/go-cmp v0.5.9 h1:O2Tfq5qg4qc4AmwVlvv0oLiVAGB7enBSJ2x2DqQFi38=
github.com/open-spaced-repetition/go-fsrs v1.0.0 h1:FIH5MW29EEHTTLwXPeDWJqO4QA/b7L9i2GEH4lAEl0U=
github.com/open-spaced-repetition/go-fsrs v1.0.0/go.mod h1:WpbNs4TTKZChOHFO+ME0B9femUVZsepFT5mhAioszRg=
github.com/pingcap/errors v0.11.4 h1:lFuQV/oaUMGcD2tqt+01ROSmJs75VG1ToEOkZIZ4nE4=
github.com/pkg/errors v0.9.1 h1:FEBLx1zS214owpjy7qsBeixbURkuhQAwrK5UwLGTwt4=
github.com/pmezard/go-difflib v1.0.0 h1:4DBwDE0NGyQoBHbLQYPwSUPoCMWR5BEzIk/f1lZbAQM=
github.com/siyuan-note/filelock v0.0.0-20231106131407-1cd9e9a9230c h1:thK+FFmQEGHjVxpTCM7BAlbEQ9HD71nzR92rV/bgZYA=
github.com/siyuan-note/filelock v0.0.0-20231106131407-1cd9e9a9230c/go.mod h1:HjtfP1NLDw53BRSeAPJgZDIGqyxi4bANYn1IhgDCQUY=
github.com/siyuan-note/logging v0.0.0-20231030034701-8265764f00ff h1:5GcxrTOJTsusXOLhg4GuHWbEa4M5gu+CNfL0giwNjDM=
github.com/siyuan-note/logging v0.0.0-20231030034701-8265764f00ff/go.mod h1:6mRFtAAvYPn3cDzqvyv+t8BVPGqpONDMMb5ywOhY1D4=
github.com/stretchr/testify v1.8.2 h1:+h33VjcLVPDHtOdpUCuF+7gSuG3yGIftsP1YvFihtJ8=
github.com/vmihailenco/msgpack/v5 v5.4.1 h1:cQriyiUvjTwOHg8QZaPihLWeRAAVoCpE00IUPn0Bjt8=
github.com/vmihailenco/msgpack/v5 v5.4.1/go.mod h1:GaZTsDaehaPpQVyxrf5mtQlH+pc21PIudVV/E3rRQok=
github.com/vmihailenco/tagparser/v2 v2.0.0 h1:y09buUbR+b5aycVFQs/g70pqKVZNBmxwAhO7/IwNM9g=
github.com/vmihailenco/tagparser/v2 v2.0.0/go.mod h1:Wri+At7QHww0WTrCBeu4J6bNtoV6mEfg5OIWRZA9qds=
golang.org/x/sys v0.14.0 h1:Vz7Qs629MkJkGyHxUlRHizWJRG2j8fbQKjELVSNhy7Q=
golang.org/x/sys v0.14.0/go.mod h1:/VUhepiaJMQUp4+oa/7Zr1D23ma6VTLIYjOOTFZPUcA=
golang.org/x/text v0.14.0 h1:ScX5w1eTa3QqT8oi6+ziP7dTV1S2+ALU0bI+0zXKWiQ=
golang.org/x/text v0.14.0/go.mod h1:18ZOQIKpY8NJVqYksKHtTdi31H5itFRjB5/qKTNYzSU=
gopkg.in/yaml.v3 v3.0.1 h1:fxVm/GzAzEWqLHuvctI91KS9hhNmmWOoWu0XTYJS7CA=
