github.com/88250/gulu v1.2.3-0.20221117052724-cd06804db798 h1:sR/s/Y9wyl79ZRCUERwLPo9zqaB3KhNRodCMTJ4ozEU=
github.com/88250/gulu v1.2.3-0.20221117052724-cd06804db798/go.mod h1:I1qBzsksFL2ciGSuqDE7R3XW4BUMrfDgOvSXEk7FsAI=
github.com/davecgh/go-spew v1.1.0/go.mod h1:J7Y8YcW2NihsgmVo/mv3lAwl/skON4iLHjSsI+c5H38=
github.com/davecgh/go-spew v1.1.1 h1:vj9j/u1bqnvCEfJOwUhtlOARqs3+rkHYY13jYWTU97c=
github.com/davecgh/go-spew v1.1.1/go.mod h1:J7Y8YcW2NihsgmVo/mv3lAwl/skON4iLHjSsI+c5H38=
github.com/getsentry/sentry-go v0.15.0 h1:CP9bmA7pralrVUedYZsmIHWpq/pBtXTSew7xvVpfLaA=
github.com/getsentry/sentry-go v0.15.0/go.mod h1:RZPJKSw+adu8PBNygiri/A98FqVr2HtRckJk9XVxJ9I=
github.com/getsentry/sentry-go v0.16.0 h1:owk+S+5XcgJLlGR/3+3s6N4d+uKwqYvh/eS0AIMjPWo=
github.com/getsentry/sentry-go v0.16.0/go.mod h1:ZXCloQLj0pG7mja5NK6NPf2V4A88YJ4pNlc2mOHwh6Y=
github.com/getsentry/sentry-go v0.18.0 h1:MtBW5H9QgdcJabtZcuJG80BMOwaBpkRDZkxRkNC1sN0=
github.com/getsentry/sentry-go v0.18.0/go.mod h1:Kgon4Mby+FJ7ZWHFUAZgVaIa8sxHtnRJRLTXZr51aKQ=
github.com/go-errors/errors v1.4.2 h1:J6MZopCL4uSllY1OfXM374weqZFFItUbrImctkmUxIA=
github.com/google/go-cmp v0.5.9 h1:O2Tfq5qg4qc4AmwVlvv0oLiVAGB7enBSJ2x2DqQFi38=
github.com/open-spaced-repetition/go-fsrs v0.1.0 h1:6H1nCuxuR9p/GmKji0zET1uT5KDwOmW++k7jgr8L0Gk=
github.com/open-spaced-repetition/go-fsrs v0.1.0/go.mod h1:H07GOB0A1OBeu3401x8qWKGaa43QjfrDoWy9nba7QCc=
github.com/pingcap/errors v0.11.4 h1:lFuQV/oaUMGcD2tqt+01ROSmJs75VG1ToEOkZIZ4nE4=
github.com/pkg/errors v0.9.1 h1:FEBLx1zS214owpjy7qsBeixbURkuhQAwrK5UwLGTwt4=
github.com/pmezard/go-difflib v1.0.0 h1:4DBwDE0NGyQoBHbLQYPwSUPoCMWR5BEzIk/f1lZbAQM=
github.com/pmezard/go-difflib v1.0.0/go.mod h1:iKH77koFhYxTK1pcRnkKkqfTogsbg7gZNVY4sRDYZ/4=
github.com/siyuan-note/logging v0.0.0-20221031125421-9b7234d79d8a h1:b9VJCE8IccYjsadwNBI11he+Wn25hI9lCma4uYoIYEM=
github.com/siyuan-note/logging v0.0.0-20221031125421-9b7234d79d8a/go.mod h1:t1zRGxK13L/9ZFoGyTD39IbFCbee3CsypDj4b5dt4qM=
github.com/siyuan-note/logging v0.0.0-20230223101545-ec2cbf198ffb h1:qzz7ZQw7/tHJd1IST+8UymXFF8RacokMLD7VZgyS+ww=
github.com/siyuan-note/logging v0.0.0-20230223101545-ec2cbf198ffb/go.mod h1:6mRFtAAvYPn3cDzqvyv+t8BVPGqpONDMMb5ywOhY1D4=
github.com/stretchr/objx v0.1.0/go.mod h1:HFkY916IF+rwdDfMAkV7OtwuqBVzrE8GR6GFx+wExME=
github.com/stretchr/testify v1.6.1 h1:hDPOHmpOpP40lSULcqw7IrRb/u7w6RpDC9399XyoNd0=
github.com/stretchr/testify v1.6.1/go.mod h1:6Fq8oRcR53rry900zMqJjRRixrwX3KX962/h/Wwjteg=
github.com/vmihailenco/msgpack/v5 v5.3.5 h1:5gO0H1iULLWGhs2H5tbAHIZTV8/cYafcFOr9znI5mJU=
github.com/vmihailenco/msgpack/v5 v5.3.5/go.mod h1:7xyJ9e+0+9SaZT0Wt1RGleJXzli6Q/V5KbhBonMG9jc=
github.com/vmihailenco/tagparser/v2 v2.0.0 h1:y09buUbR+b5aycVFQs/g70pqKVZNBmxwAhO7/IwNM9g=
github.com/vmihailenco/tagparser/v2 v2.0.0/go.mod h1:Wri+At7QHww0WTrCBeu4J6bNtoV6mEfg5OIWRZA9qds=
golang.org/x/sys v0.2.0 h1:ljd4t30dBnAvMZaQCevtY0xLLD0A+bRZXbgLMLU1F/A=
golang.org/x/sys v0.2.0/go.mod h1:oPkhp1MJrh7nUepCBck5+mAzfO9JrbApNNgaTdGDITg=
golang.org/x/sys v0.3.0 h1:w8ZOecv6NaNa/zC8944JTU3vz4u6Lagfk4RPQxv92NQ=
golang.org/x/sys v0.3.0/go.mod h1:oPkhp1MJrh7nUepCBck5+mAzfO9JrbApNNgaTdGDITg=
golang.org/x/sys v0.5.0 h1:MUK/U/4lj1t1oPg0HfuXDN/Z1wv31ZJ/YcPiGccS4DU=
golang.org/x/sys v0.5.0/go.mod h1:oPkhp1MJrh7nUepCBck5+mAzfO9JrbApNNgaTdGDITg=
golang.org/x/text v0.4.0 h1:BrVqGRd7+k1DiOgtnFvAkoQEWQvBc25ouMJM6429SFg=
golang.org/x/text v0.4.0/go.mod h1:mrYo+phRRbMaCq/xk9113O4dZlRixOauAjOtrjsXDZ8=
golang.org/x/text v0.5.0 h1:OLmvp0KP+FVG99Ct/qFiL/Fhk4zp4QQnZ7b2U+5piUM=
golang.org/x/text v0.5.0/go.mod h1:mrYo+phRRbMaCq/xk9113O4dZlRixOauAjOtrjsXDZ8=
golang.org/x/text v0.7.0 h1:4BRB4x83lYWy72KwLD/qYDuTu7q9PjSagHvijDw7cLo=
golang.org/x/text v0.7.0/go.mod h1:mrYo+phRRbMaCq/xk9113O4dZlRixOauAjOtrjsXDZ8=
gopkg.in/check.v1 v0.0.0-20161208181325-20d25e280405/go.mod h1:Co6ibVJAznAaIkqp8huTwlJQCZ016jof/cbN4VW5Yz0=
gopkg.in/yaml.v3 v3.0.0-20200313102051-9f266ea9e77c/go.mod h1:K4uyk7z7BCEPqu6E+C64Yfv1cQ7kz7rIZviUmN+EgEM=
gopkg.in/yaml.v3 v3.0.1 h1:fxVm/GzAzEWqLHuvctI91KS9hhNmmWOoWu0XTYJS7CA=
